// !$*UTF8*$!
{
	archiveVersion = 1;
	classes = {
	};
	objectVersion = 50;
	objects = {

/* Begin PBXBuildFile section */
		B84A7DD122C91B1F00C607B3 /* main.m in Sources */ = {isa = PBXBuildFile; fileRef = B84A7DD022C91B1F00C607B3 /* main.m */; };
		B84A7DE722CA27A100C607B3 /* main.m in Sources */ = {isa = PBXBuildFile; fileRef = B84A7DE622CA27A100C607B3 /* main.m */; };
		B87C7D7C22C5FF58000CC333 /* main.m in Sources */ = {isa = PBXBuildFile; fileRef = B87C7D7B22C5FF58000CC333 /* main.m */; };
		B892632822C462CA0044DD6A /* main.m in Sources */ = {isa = PBXBuildFile; fileRef = B892632722C462CA0044DD6A /* main.m */; };
		B89AD29122DD649500A5885E /* main.m in Sources */ = {isa = PBXBuildFile; fileRef = B89AD29022DD649500A5885E /* main.m */; };
		B8A1FBC422D5C6BC008849F4 /* main.m in Sources */ = {isa = PBXBuildFile; fileRef = B8A1FBC322D5C6BC008849F4 /* main.m */; };
		B8B50BD722E5D9290051C224 /* main.m in Sources */ = {isa = PBXBuildFile; fileRef = B8B50BD622E5D9290051C224 /* main.m */; };
		B8BF224822E7EF130078F34D /* AppDelegate.m in Sources */ = {isa = PBXBuildFile; fileRef = B8BF224722E7EF130078F34D /* AppDelegate.m */; };
		B8BF224B22E7EF130078F34D /* ViewController.m in Sources */ = {isa = PBXBuildFile; fileRef = B8BF224A22E7EF130078F34D /* ViewController.m */; };
		B8BF224E22E7EF130078F34D /* Main.storyboard in Resources */ = {isa = PBXBuildFile; fileRef = B8BF224C22E7EF130078F34D /* Main.storyboard */; };
		B8BF225022E7EF150078F34D /* Assets.xcassets in Resources */ = {isa = PBXBuildFile; fileRef = B8BF224F22E7EF150078F34D /* Assets.xcassets */; };
		B8BF225322E7EF150078F34D /* LaunchScreen.storyboard in Resources */ = {isa = PBXBuildFile; fileRef = B8BF225122E7EF150078F34D /* LaunchScreen.storyboard */; };
		B8BF225622E7EF150078F34D /* main.m in Sources */ = {isa = PBXBuildFile; fileRef = B8BF225522E7EF150078F34D /* main.m */; };
		B8BF226022E7EF150078F34D /* AllSubviewsTests.m in Sources */ = {isa = PBXBuildFile; fileRef = B8BF225F22E7EF150078F34D /* AllSubviewsTests.m */; };
		B8BF226B22E7EF160078F34D /* AllSubviewsUITests.m in Sources */ = {isa = PBXBuildFile; fileRef = B8BF226A22E7EF160078F34D /* AllSubviewsUITests.m */; };
/* End PBXBuildFile section */

/* Begin PBXContainerItemProxy section */
		B8BF225C22E7EF150078F34D /* PBXContainerItemProxy */ = {
			isa = PBXContainerItemProxy;
			containerPortal = B892631C22C462CA0044DD6A /* Project object */;
			proxyType = 1;
			remoteGlobalIDString = B8BF224322E7EF130078F34D;
			remoteInfo = AllSubviews;
		};
		B8BF226722E7EF160078F34D /* PBXContainerItemProxy */ = {
			isa = PBXContainerItemProxy;
			containerPortal = B892631C22C462CA0044DD6A /* Project object */;
			proxyType = 1;
			remoteGlobalIDString = B8BF224322E7EF130078F34D;
			remoteInfo = AllSubviews;
		};
/* End PBXContainerItemProxy section */

/* Begin PBXCopyFilesBuildPhase section */
		B84A7DCC22C91B1F00C607B3 /* CopyFiles */ = {
			isa = PBXCopyFilesBuildPhase;
			buildActionMask = 2147483647;
			dstPath = /usr/share/man/man1/;
			dstSubfolderSpec = 0;
			files = (
			);
			runOnlyForDeploymentPostprocessing = 1;
		};
		B84A7DE222CA27A100C607B3 /* CopyFiles */ = {
			isa = PBXCopyFilesBuildPhase;
			buildActionMask = 2147483647;
			dstPath = /usr/share/man/man1/;
			dstSubfolderSpec = 0;
			files = (
			);
			runOnlyForDeploymentPostprocessing = 1;
		};
		B87C7D7722C5FF58000CC333 /* CopyFiles */ = {
			isa = PBXCopyFilesBuildPhase;
			buildActionMask = 2147483647;
			dstPath = /usr/share/man/man1/;
			dstSubfolderSpec = 0;
			files = (
			);
			runOnlyForDeploymentPostprocessing = 1;
		};
		B892632222C462CA0044DD6A /* CopyFiles */ = {
			isa = PBXCopyFilesBuildPhase;
			buildActionMask = 2147483647;
			dstPath = /usr/share/man/man1/;
			dstSubfolderSpec = 0;
			files = (
			);
			runOnlyForDeploymentPostprocessing = 1;
		};
		B89AD28C22DD649500A5885E /* CopyFiles */ = {
			isa = PBXCopyFilesBuildPhase;
			buildActionMask = 2147483647;
			dstPath = /usr/share/man/man1/;
			dstSubfolderSpec = 0;
			files = (
			);
			runOnlyForDeploymentPostprocessing = 1;
		};
		B8A1FBBF22D5C6BC008849F4 /* CopyFiles */ = {
			isa = PBXCopyFilesBuildPhase;
			buildActionMask = 2147483647;
			dstPath = /usr/share/man/man1/;
			dstSubfolderSpec = 0;
			files = (
			);
			runOnlyForDeploymentPostprocessing = 1;
		};
		B8B50BD222E5D9290051C224 /* CopyFiles */ = {
			isa = PBXCopyFilesBuildPhase;
			buildActionMask = 2147483647;
			dstPath = /usr/share/man/man1/;
			dstSubfolderSpec = 0;
			files = (
			);
			runOnlyForDeploymentPostprocessing = 1;
		};
/* End PBXCopyFilesBuildPhase section */

/* Begin PBXFileReference section */
		B84A7DCE22C91B1F00C607B3 /* HeapSort */ = {isa = PBXFileReference; explicitFileType = "compiled.mach-o.executable"; includeInIndex = 0; path = HeapSort; sourceTree = BUILT_PRODUCTS_DIR; };
		B84A7DD022C91B1F00C607B3 /* main.m */ = {isa = PBXFileReference; lastKnownFileType = sourcecode.c.objc; path = main.m; sourceTree = "<group>"; };
		B84A7DE422CA27A100C607B3 /* BST */ = {isa = PBXFileReference; explicitFileType = "compiled.mach-o.executable"; includeInIndex = 0; path = BST; sourceTree = BUILT_PRODUCTS_DIR; };
		B84A7DE622CA27A100C607B3 /* main.m */ = {isa = PBXFileReference; lastKnownFileType = sourcecode.c.objc; path = main.m; sourceTree = "<group>"; };
		B87C7D7922C5FF58000CC333 /* Recursion */ = {isa = PBXFileReference; explicitFileType = "compiled.mach-o.executable"; includeInIndex = 0; path = Recursion; sourceTree = BUILT_PRODUCTS_DIR; };
		B87C7D7B22C5FF58000CC333 /* main.m */ = {isa = PBXFileReference; lastKnownFileType = sourcecode.c.objc; path = main.m; sourceTree = "<group>"; };
		B87C7D8122C61430000CC333 /* sum1.png */ = {isa = PBXFileReference; lastKnownFileType = image.png; path = sum1.png; sourceTree = "<group>"; };
		B87C7D8222C61430000CC333 /* find.png */ = {isa = PBXFileReference; lastKnownFileType = image.png; path = find.png; sourceTree = "<group>"; };
		B87C7D8322C61430000CC333 /* fibonacci.png */ = {isa = PBXFileReference; lastKnownFileType = image.png; path = fibonacci.png; sourceTree = "<group>"; };
		B87C7D8422C61430000CC333 /* findMaxNum.png */ = {isa = PBXFileReference; lastKnownFileType = image.png; path = findMaxNum.png; sourceTree = "<group>"; };
		B87C7D8522C61430000CC333 /* sum.png */ = {isa = PBXFileReference; lastKnownFileType = image.png; path = sum.png; sourceTree = "<group>"; };
		B87C7D8622C61430000CC333 /* s.png */ = {isa = PBXFileReference; lastKnownFileType = image.png; path = s.png; sourceTree = "<group>"; };
		B892632422C462CA0044DD6A /* Tree */ = {isa = PBXFileReference; explicitFileType = "compiled.mach-o.executable"; includeInIndex = 0; path = Tree; sourceTree = BUILT_PRODUCTS_DIR; };
		B892632722C462CA0044DD6A /* main.m */ = {isa = PBXFileReference; lastKnownFileType = sourcecode.c.objc; path = main.m; sourceTree = "<group>"; };
		B89AD28E22DD649500A5885E /* HashList */ = {isa = PBXFileReference; explicitFileType = "compiled.mach-o.executable"; includeInIndex = 0; path = HashList; sourceTree = BUILT_PRODUCTS_DIR; };
		B89AD29022DD649500A5885E /* main.m */ = {isa = PBXFileReference; lastKnownFileType = sourcecode.c.objc; path = main.m; sourceTree = "<group>"; };
		B8A1FBC122D5C6BC008849F4 /* Dynamic */ = {isa = PBXFileReference; explicitFileType = "compiled.mach-o.executable"; includeInIndex = 0; path = Dynamic; sourceTree = BUILT_PRODUCTS_DIR; };
		B8A1FBC322D5C6BC008849F4 /* main.m */ = {isa = PBXFileReference; lastKnownFileType = sourcecode.c.objc; path = main.m; sourceTree = "<group>"; };
		B8B50BD422E5D9290051C224 /* HashChars */ = {isa = PBXFileReference; explicitFileType = "compiled.mach-o.executable"; includeInIndex = 0; path = HashChars; sourceTree = BUILT_PRODUCTS_DIR; };
		B8B50BD622E5D9290051C224 /* main.m */ = {isa = PBXFileReference; lastKnownFileType = sourcecode.c.objc; path = main.m; sourceTree = "<group>"; };
		B8BF224422E7EF130078F34D /* AllSubviews.app */ = {isa = PBXFileReference; explicitFileType = wrapper.application; includeInIndex = 0; path = AllSubviews.app; sourceTree = BUILT_PRODUCTS_DIR; };
		B8BF224622E7EF130078F34D /* AppDelegate.h */ = {isa = PBXFileReference; lastKnownFileType = sourcecode.c.h; path = AppDelegate.h; sourceTree = "<group>"; };
		B8BF224722E7EF130078F34D /* AppDelegate.m */ = {isa = PBXFileReference; lastKnownFileType = sourcecode.c.objc; path = AppDelegate.m; sourceTree = "<group>"; };
		B8BF224922E7EF130078F34D /* ViewController.h */ = {isa = PBXFileReference; lastKnownFileType = sourcecode.c.h; path = ViewController.h; sourceTree = "<group>"; };
		B8BF224A22E7EF130078F34D /* ViewController.m */ = {isa = PBXFileReference; lastKnownFileType = sourcecode.c.objc; path = ViewController.m; sourceTree = "<group>"; };
		B8BF224D22E7EF130078F34D /* Base */ = {isa = PBXFileReference; lastKnownFileType = file.storyboard; name = Base; path = Base.lproj/Main.storyboard; sourceTree = "<group>"; };
		B8BF224F22E7EF150078F34D /* Assets.xcassets */ = {isa = PBXFileReference; lastKnownFileType = folder.assetcatalog; path = Assets.xcassets; sourceTree = "<group>"; };
		B8BF225222E7EF150078F34D /* Base */ = {isa = PBXFileReference; lastKnownFileType = file.storyboard; name = Base; path = Base.lproj/LaunchScreen.storyboard; sourceTree = "<group>"; };
		B8BF225422E7EF150078F34D /* Info.plist */ = {isa = PBXFileReference; lastKnownFileType = text.plist.xml; path = Info.plist; sourceTree = "<group>"; };
		B8BF225522E7EF150078F34D /* main.m */ = {isa = PBXFileReference; lastKnownFileType = sourcecode.c.objc; path = main.m; sourceTree = "<group>"; };
		B8BF225B22E7EF150078F34D /* AllSubviewsTests.xctest */ = {isa = PBXFileReference; explicitFileType = wrapper.cfbundle; includeInIndex = 0; path = AllSubviewsTests.xctest; sourceTree = BUILT_PRODUCTS_DIR; };
		B8BF225F22E7EF150078F34D /* AllSubviewsTests.m */ = {isa = PBXFileReference; lastKnownFileType = sourcecode.c.objc; path = AllSubviewsTests.m; sourceTree = "<group>"; };
		B8BF226122E7EF150078F34D /* Info.plist */ = {isa = PBXFileReference; lastKnownFileType = text.plist.xml; path = Info.plist; sourceTree = "<group>"; };
		B8BF226622E7EF160078F34D /* AllSubviewsUITests.xctest */ = {isa = PBXFileReference; explicitFileType = wrapper.cfbundle; includeInIndex = 0; path = AllSubviewsUITests.xctest; sourceTree = BUILT_PRODUCTS_DIR; };
		B8BF226A22E7EF160078F34D /* AllSubviewsUITests.m */ = {isa = PBXFileReference; lastKnownFileType = sourcecode.c.objc; path = AllSubviewsUITests.m; sourceTree = "<group>"; };
		B8BF226C22E7EF160078F34D /* Info.plist */ = {isa = PBXFileReference; lastKnownFileType = text.plist.xml; path = Info.plist; sourceTree = "<group>"; };
/* End PBXFileReference section */

/* Begin PBXFrameworksBuildPhase section */
		B84A7DCB22C91B1F00C607B3 /* Frameworks */ = {
			isa = PBXFrameworksBuildPhase;
			buildActionMask = 2147483647;
			files = (
			);
			runOnlyForDeploymentPostprocessing = 0;
		};
		B84A7DE122CA27A100C607B3 /* Frameworks */ = {
			isa = PBXFrameworksBuildPhase;
			buildActionMask = 2147483647;
			files = (
			);
			runOnlyForDeploymentPostprocessing = 0;
		};
		B87C7D7622C5FF58000CC333 /* Frameworks */ = {
			isa = PBXFrameworksBuildPhase;
			buildActionMask = 2147483647;
			files = (
			);
			runOnlyForDeploymentPostprocessing = 0;
		};
		B892632122C462CA0044DD6A /* Frameworks */ = {
			isa = PBXFrameworksBuildPhase;
			buildActionMask = 2147483647;
			files = (
			);
			runOnlyForDeploymentPostprocessing = 0;
		};
		B89AD28B22DD649500A5885E /* Frameworks */ = {
			isa = PBXFrameworksBuildPhase;
			buildActionMask = 2147483647;
			files = (
			);
			runOnlyForDeploymentPostprocessing = 0;
		};
		B8A1FBBE22D5C6BC008849F4 /* Frameworks */ = {
			isa = PBXFrameworksBuildPhase;
			buildActionMask = 2147483647;
			files = (
			);
			runOnlyForDeploymentPostprocessing = 0;
		};
		B8B50BD122E5D9290051C224 /* Frameworks */ = {
			isa = PBXFrameworksBuildPhase;
			buildActionMask = 2147483647;
			files = (
			);
			runOnlyForDeploymentPostprocessing = 0;
		};
		B8BF224122E7EF130078F34D /* Frameworks */ = {
			isa = PBXFrameworksBuildPhase;
			buildActionMask = 2147483647;
			files = (
			);
			runOnlyForDeploymentPostprocessing = 0;
		};
		B8BF225822E7EF150078F34D /* Frameworks */ = {
			isa = PBXFrameworksBuildPhase;
			buildActionMask = 2147483647;
			files = (
			);
			runOnlyForDeploymentPostprocessing = 0;
		};
		B8BF226322E7EF160078F34D /* Frameworks */ = {
			isa = PBXFrameworksBuildPhase;
			buildActionMask = 2147483647;
			files = (
			);
			runOnlyForDeploymentPostprocessing = 0;
		};
/* End PBXFrameworksBuildPhase section */

/* Begin PBXGroup section */
		B84A7DCF22C91B1F00C607B3 /* HeapSort */ = {
			isa = PBXGroup;
			children = (
				B84A7DD022C91B1F00C607B3 /* main.m */,
			);
			path = HeapSort;
			sourceTree = "<group>";
		};
		B84A7DE522CA27A100C607B3 /* BST */ = {
			isa = PBXGroup;
			children = (
				B84A7DE622CA27A100C607B3 /* main.m */,
			);
			path = BST;
			sourceTree = "<group>";
		};
		B87C7D7A22C5FF58000CC333 /* Recursion */ = {
			isa = PBXGroup;
			children = (
				B87C7D8022C61430000CC333 /* 手记 */,
				B87C7D7B22C5FF58000CC333 /* main.m */,
			);
			path = Recursion;
			sourceTree = "<group>";
		};
		B87C7D8022C61430000CC333 /* 手记 */ = {
			isa = PBXGroup;
			children = (
				B87C7D8122C61430000CC333 /* sum1.png */,
				B87C7D8222C61430000CC333 /* find.png */,
				B87C7D8322C61430000CC333 /* fibonacci.png */,
				B87C7D8422C61430000CC333 /* findMaxNum.png */,
				B87C7D8522C61430000CC333 /* sum.png */,
				B87C7D8622C61430000CC333 /* s.png */,
			);
			path = "手记";
			sourceTree = "<group>";
		};
		B892631B22C462CA0044DD6A = {
			isa = PBXGroup;
			children = (
				B892632622C462CA0044DD6A /* Tree */,
				B87C7D7A22C5FF58000CC333 /* Recursion */,
				B84A7DCF22C91B1F00C607B3 /* HeapSort */,
				B84A7DE522CA27A100C607B3 /* BST */,
				B8A1FBC222D5C6BC008849F4 /* Dynamic */,
				B89AD28F22DD649500A5885E /* HashList */,
				B8B50BD522E5D9290051C224 /* HashChars */,
				B8BF224522E7EF130078F34D /* AllSubviews */,
				B8BF225E22E7EF150078F34D /* AllSubviewsTests */,
				B8BF226922E7EF160078F34D /* AllSubviewsUITests */,
				B892632522C462CA0044DD6A /* Products */,
			);
			sourceTree = "<group>";
		};
		B892632522C462CA0044DD6A /* Products */ = {
			isa = PBXGroup;
			children = (
				B892632422C462CA0044DD6A /* Tree */,
				B87C7D7922C5FF58000CC333 /* Recursion */,
				B84A7DCE22C91B1F00C607B3 /* HeapSort */,
				B84A7DE422CA27A100C607B3 /* BST */,
				B8A1FBC122D5C6BC008849F4 /* Dynamic */,
				B89AD28E22DD649500A5885E /* HashList */,
				B8B50BD422E5D9290051C224 /* HashChars */,
				B8BF224422E7EF130078F34D /* AllSubviews.app */,
				B8BF225B22E7EF150078F34D /* AllSubviewsTests.xctest */,
				B8BF226622E7EF160078F34D /* AllSubviewsUITests.xctest */,
			);
			name = Products;
			sourceTree = "<group>";
		};
		B892632622C462CA0044DD6A /* Tree */ = {
			isa = PBXGroup;
			children = (
				B892632722C462CA0044DD6A /* main.m */,
			);
			path = Tree;
			sourceTree = "<group>";
		};
		B89AD28F22DD649500A5885E /* HashList */ = {
			isa = PBXGroup;
			children = (
				B89AD29022DD649500A5885E /* main.m */,
			);
			path = HashList;
			sourceTree = "<group>";
		};
		B8A1FBC222D5C6BC008849F4 /* Dynamic */ = {
			isa = PBXGroup;
			children = (
				B8A1FBC322D5C6BC008849F4 /* main.m */,
			);
			path = Dynamic;
			sourceTree = "<group>";
		};
		B8B50BD522E5D9290051C224 /* HashChars */ = {
			isa = PBXGroup;
			children = (
				B8B50BD622E5D9290051C224 /* main.m */,
			);
			path = HashChars;
			sourceTree = "<group>";
		};
		B8BF224522E7EF130078F34D /* AllSubviews */ = {
			isa = PBXGroup;
			children = (
				B8BF224622E7EF130078F34D /* AppDelegate.h */,
				B8BF224722E7EF130078F34D /* AppDelegate.m */,
				B8BF224922E7EF130078F34D /* ViewController.h */,
				B8BF224A22E7EF130078F34D /* ViewController.m */,
				B8BF224C22E7EF130078F34D /* Main.storyboard */,
				B8BF224F22E7EF150078F34D /* Assets.xcassets */,
				B8BF225122E7EF150078F34D /* LaunchScreen.storyboard */,
				B8BF225422E7EF150078F34D /* Info.plist */,
				B8BF225522E7EF150078F34D /* main.m */,
			);
			path = AllSubviews;
			sourceTree = "<group>";
		};
		B8BF225E22E7EF150078F34D /* AllSubviewsTests */ = {
			isa = PBXGroup;
			children = (
				B8BF225F22E7EF150078F34D /* AllSubviewsTests.m */,
				B8BF226122E7EF150078F34D /* Info.plist */,
			);
			path = AllSubviewsTests;
			sourceTree = "<group>";
		};
		B8BF226922E7EF160078F34D /* AllSubviewsUITests */ = {
			isa = PBXGroup;
			children = (
				B8BF226A22E7EF160078F34D /* AllSubviewsUITests.m */,
				B8BF226C22E7EF160078F34D /* Info.plist */,
			);
			path = AllSubviewsUITests;
			sourceTree = "<group>";
		};
/* End PBXGroup section */

/* Begin PBXNativeTarget section */
		B84A7DCD22C91B1F00C607B3 /* HeapSort */ = {
			isa = PBXNativeTarget;
			buildConfigurationList = B84A7DD422C91B1F00C607B3 /* Build configuration list for PBXNativeTarget "HeapSort" */;
			buildPhases = (
				B84A7DCA22C91B1F00C607B3 /* Sources */,
				B84A7DCB22C91B1F00C607B3 /* Frameworks */,
				B84A7DCC22C91B1F00C607B3 /* CopyFiles */,
			);
			buildRules = (
			);
			dependencies = (
			);
			name = HeapSort;
			productName = HeapSort;
			productReference = B84A7DCE22C91B1F00C607B3 /* HeapSort */;
			productType = "com.apple.product-type.tool";
		};
		B84A7DE322CA27A100C607B3 /* BST */ = {
			isa = PBXNativeTarget;
			buildConfigurationList = B84A7DE822CA27A100C607B3 /* Build configuration list for PBXNativeTarget "BST" */;
			buildPhases = (
				B84A7DE022CA27A100C607B3 /* Sources */,
				B84A7DE122CA27A100C607B3 /* Frameworks */,
				B84A7DE222CA27A100C607B3 /* CopyFiles */,
			);
			buildRules = (
			);
			dependencies = (
			);
			name = BST;
			productName = BST;
			productReference = B84A7DE422CA27A100C607B3 /* BST */;
			productType = "com.apple.product-type.tool";
		};
		B87C7D7822C5FF58000CC333 /* Recursion */ = {
			isa = PBXNativeTarget;
			buildConfigurationList = B87C7D7F22C5FF58000CC333 /* Build configuration list for PBXNativeTarget "Recursion" */;
			buildPhases = (
				B87C7D7522C5FF58000CC333 /* Sources */,
				B87C7D7622C5FF58000CC333 /* Frameworks */,
				B87C7D7722C5FF58000CC333 /* CopyFiles */,
			);
			buildRules = (
			);
			dependencies = (
			);
			name = Recursion;
			productName = Recursion;
			productReference = B87C7D7922C5FF58000CC333 /* Recursion */;
			productType = "com.apple.product-type.tool";
		};
		B892632322C462CA0044DD6A /* Tree */ = {
			isa = PBXNativeTarget;
			buildConfigurationList = B892632B22C462CA0044DD6A /* Build configuration list for PBXNativeTarget "Tree" */;
			buildPhases = (
				B892632022C462CA0044DD6A /* Sources */,
				B892632122C462CA0044DD6A /* Frameworks */,
				B892632222C462CA0044DD6A /* CopyFiles */,
			);
			buildRules = (
			);
			dependencies = (
			);
			name = Tree;
			productName = Tree;
			productReference = B892632422C462CA0044DD6A /* Tree */;
			productType = "com.apple.product-type.tool";
		};
		B89AD28D22DD649500A5885E /* HashList */ = {
			isa = PBXNativeTarget;
			buildConfigurationList = B89AD29422DD649500A5885E /* Build configuration list for PBXNativeTarget "HashList" */;
			buildPhases = (
				B89AD28A22DD649500A5885E /* Sources */,
				B89AD28B22DD649500A5885E /* Frameworks */,
				B89AD28C22DD649500A5885E /* CopyFiles */,
			);
			buildRules = (
			);
			dependencies = (
			);
			name = HashList;
			productName = HashList;
			productReference = B89AD28E22DD649500A5885E /* HashList */;
			productType = "com.apple.product-type.tool";
		};
		B8A1FBC022D5C6BC008849F4 /* Dynamic */ = {
			isa = PBXNativeTarget;
			buildConfigurationList = B8A1FBC722D5C6BC008849F4 /* Build configuration list for PBXNativeTarget "Dynamic" */;
			buildPhases = (
				B8A1FBBD22D5C6BC008849F4 /* Sources */,
				B8A1FBBE22D5C6BC008849F4 /* Frameworks */,
				B8A1FBBF22D5C6BC008849F4 /* CopyFiles */,
			);
			buildRules = (
			);
			dependencies = (
			);
			name = Dynamic;
			productName = Dynamic;
			productReference = B8A1FBC122D5C6BC008849F4 /* Dynamic */;
			productType = "com.apple.product-type.tool";
		};
		B8B50BD322E5D9290051C224 /* HashChars */ = {
			isa = PBXNativeTarget;
			buildConfigurationList = B8B50BDA22E5D9290051C224 /* Build configuration list for PBXNativeTarget "HashChars" */;
			buildPhases = (
				B8B50BD022E5D9290051C224 /* Sources */,
				B8B50BD122E5D9290051C224 /* Frameworks */,
				B8B50BD222E5D9290051C224 /* CopyFiles */,
			);
			buildRules = (
			);
			dependencies = (
			);
			name = HashChars;
			productName = HashChars;
			productReference = B8B50BD422E5D9290051C224 /* HashChars */;
			productType = "com.apple.product-type.tool";
		};
		B8BF224322E7EF130078F34D /* AllSubviews */ = {
			isa = PBXNativeTarget;
			buildConfigurationList = B8BF227322E7EF160078F34D /* Build configuration list for PBXNativeTarget "AllSubviews" */;
			buildPhases = (
				B8BF224022E7EF130078F34D /* Sources */,
				B8BF224122E7EF130078F34D /* Frameworks */,
				B8BF224222E7EF130078F34D /* Resources */,
			);
			buildRules = (
			);
			dependencies = (
			);
			name = AllSubviews;
			productName = AllSubviews;
			productReference = B8BF224422E7EF130078F34D /* AllSubviews.app */;
			productType = "com.apple.product-type.application";
		};
		B8BF225A22E7EF150078F34D /* AllSubviewsTests */ = {
			isa = PBXNativeTarget;
			buildConfigurationList = B8BF227422E7EF160078F34D /* Build configuration list for PBXNativeTarget "AllSubviewsTests" */;
			buildPhases = (
				B8BF225722E7EF150078F34D /* Sources */,
				B8BF225822E7EF150078F34D /* Frameworks */,
				B8BF225922E7EF150078F34D /* Resources */,
			);
			buildRules = (
			);
			dependencies = (
				B8BF225D22E7EF150078F34D /* PBXTargetDependency */,
			);
			name = AllSubviewsTests;
			productName = AllSubviewsTests;
			productReference = B8BF225B22E7EF150078F34D /* AllSubviewsTests.xctest */;
			productType = "com.apple.product-type.bundle.unit-test";
		};
		B8BF226522E7EF160078F34D /* AllSubviewsUITests */ = {
			isa = PBXNativeTarget;
			buildConfigurationList = B8BF227522E7EF160078F34D /* Build configuration list for PBXNativeTarget "AllSubviewsUITests" */;
			buildPhases = (
				B8BF226222E7EF160078F34D /* Sources */,
				B8BF226322E7EF160078F34D /* Frameworks */,
				B8BF226422E7EF160078F34D /* Resources */,
			);
			buildRules = (
			);
			dependencies = (
				B8BF226822E7EF160078F34D /* PBXTargetDependency */,
			);
			name = AllSubviewsUITests;
			productName = AllSubviewsUITests;
			productReference = B8BF226622E7EF160078F34D /* AllSubviewsUITests.xctest */;
			productType = "com.apple.product-type.bundle.ui-testing";
		};
/* End PBXNativeTarget section */

/* Begin PBXProject section */
		B892631C22C462CA0044DD6A /* Project object */ = {
			isa = PBXProject;
			attributes = {
				LastUpgradeCheck = 1000;
				ORGANIZATIONNAME = beijiXinOg;
				TargetAttributes = {
					B84A7DCD22C91B1F00C607B3 = {
						CreatedOnToolsVersion = 10.0;
					};
					B84A7DE322CA27A100C607B3 = {
						CreatedOnToolsVersion = 10.0;
					};
					B87C7D7822C5FF58000CC333 = {
						CreatedOnToolsVersion = 10.0;
					};
					B892632322C462CA0044DD6A = {
						CreatedOnToolsVersion = 10.0;
					};
					B89AD28D22DD649500A5885E = {
						CreatedOnToolsVersion = 10.0;
					};
					B8A1FBC022D5C6BC008849F4 = {
						CreatedOnToolsVersion = 10.0;
					};
					B8B50BD322E5D9290051C224 = {
						CreatedOnToolsVersion = 10.0;
					};
					B8BF224322E7EF130078F34D = {
						CreatedOnToolsVersion = 10.0;
					};
					B8BF225A22E7EF150078F34D = {
						CreatedOnToolsVersion = 10.0;
						TestTargetID = B8BF224322E7EF130078F34D;
					};
					B8BF226522E7EF160078F34D = {
						CreatedOnToolsVersion = 10.0;
						TestTargetID = B8BF224322E7EF130078F34D;
					};
				};
			};
			buildConfigurationList = B892631F22C462CA0044DD6A /* Build configuration list for PBXProject "Tree" */;
			compatibilityVersion = "Xcode 9.3";
			developmentRegion = en;
			hasScannedForEncodings = 0;
			knownRegions = (
				en,
				Base,
			);
			mainGroup = B892631B22C462CA0044DD6A;
			productRefGroup = B892632522C462CA0044DD6A /* Products */;
			projectDirPath = "";
			projectRoot = "";
			targets = (
				B892632322C462CA0044DD6A /* Tree */,
				B87C7D7822C5FF58000CC333 /* Recursion */,
				B84A7DCD22C91B1F00C607B3 /* HeapSort */,
				B84A7DE322CA27A100C607B3 /* BST */,
				B8A1FBC022D5C6BC008849F4 /* Dynamic */,
				B89AD28D22DD649500A5885E /* HashList */,
				B8B50BD322E5D9290051C224 /* HashChars */,
				B8BF224322E7EF130078F34D /* AllSubviews */,
				B8BF225A22E7EF150078F34D /* AllSubviewsTests */,
				B8BF226522E7EF160078F34D /* AllSubviewsUITests */,
			);
		};
/* End PBXProject section */

/* Begin PBXResourcesBuildPhase section */
		B8BF224222E7EF130078F34D /* Resources */ = {
			isa = PBXResourcesBuildPhase;
			buildActionMask = 2147483647;
			files = (
				B8BF225322E7EF150078F34D /* LaunchScreen.storyboard in Resources */,
				B8BF225022E7EF150078F34D /* Assets.xcassets in Resources */,
				B8BF224E22E7EF130078F34D /* Main.storyboard in Resources */,
			);
			runOnlyForDeploymentPostprocessing = 0;
		};
		B8BF225922E7EF150078F34D /* Resources */ = {
			isa = PBXResourcesBuildPhase;
			buildActionMask = 2147483647;
			files = (
			);
			runOnlyForDeploymentPostprocessing = 0;
		};
		B8BF226422E7EF160078F34D /* Resources */ = {
			isa = PBXResourcesBuildPhase;
			buildActionMask = 2147483647;
			files = (
			);
			runOnlyForDeploymentPostprocessing = 0;
		};
/* End PBXResourcesBuildPhase section */

/* Begin PBXSourcesBuildPhase section */
		B84A7DCA22C91B1F00C607B3 /* Sources */ = {
			isa = PBXSourcesBuildPhase;
			buildActionMask = 2147483647;
			files = (
				B84A7DD122C91B1F00C607B3 /* main.m in Sources */,
			);
			runOnlyForDeploymentPostprocessing = 0;
		};
		B84A7DE022CA27A100C607B3 /* Sources */ = {
			isa = PBXSourcesBuildPhase;
			buildActionMask = 2147483647;
			files = (
				B84A7DE722CA27A100C607B3 /* main.m in Sources */,
			);
			runOnlyForDeploymentPostprocessing = 0;
		};
		B87C7D7522C5FF58000CC333 /* Sources */ = {
			isa = PBXSourcesBuildPhase;
			buildActionMask = 2147483647;
			files = (
				B87C7D7C22C5FF58000CC333 /* main.m in Sources */,
			);
			runOnlyForDeploymentPostprocessing = 0;
		};
		B892632022C462CA0044DD6A /* Sources */ = {
			isa = PBXSourcesBuildPhase;
			buildActionMask = 2147483647;
			files = (
				B892632822C462CA0044DD6A /* main.m in Sources */,
			);
			runOnlyForDeploymentPostprocessing = 0;
		};
		B89AD28A22DD649500A5885E /* Sources */ = {
			isa = PBXSourcesBuildPhase;
			buildActionMask = 2147483647;
			files = (
				B89AD29122DD649500A5885E /* main.m in Sources */,
			);
			runOnlyForDeploymentPostprocessing = 0;
		};
		B8A1FBBD22D5C6BC008849F4 /* Sources */ = {
			isa = PBXSourcesBuildPhase;
			buildActionMask = 2147483647;
			files = (
				B8A1FBC422D5C6BC008849F4 /* main.m in Sources */,
			);
			runOnlyForDeploymentPostprocessing = 0;
		};
		B8B50BD022E5D9290051C224 /* Sources */ = {
			isa = PBXSourcesBuildPhase;
			buildActionMask = 2147483647;
			files = (
				B8B50BD722E5D9290051C224 /* main.m in Sources */,
			);
			runOnlyForDeploymentPostprocessing = 0;
		};
		B8BF224022E7EF130078F34D /* Sources */ = {
			isa = PBXSourcesBuildPhase;
			buildActionMask = 2147483647;
			files = (
				B8BF224B22E7EF130078F34D /* ViewController.m in Sources */,
				B8BF225622E7EF150078F34D /* main.m in Sources */,
				B8BF224822E7EF130078F34D /* AppDelegate.m in Sources */,
			);
			runOnlyForDeploymentPostprocessing = 0;
		};
		B8BF225722E7EF150078F34D /* Sources */ = {
			isa = PBXSourcesBuildPhase;
			buildActionMask = 2147483647;
			files = (
				B8BF226022E7EF150078F34D /* AllSubviewsTests.m in Sources */,
			);
			runOnlyForDeploymentPostprocessing = 0;
		};
		B8BF226222E7EF160078F34D /* Sources */ = {
			isa = PBXSourcesBuildPhase;
			buildActionMask = 2147483647;
			files = (
				B8BF226B22E7EF160078F34D /* AllSubviewsUITests.m in Sources */,
			);
			runOnlyForDeploymentPostprocessing = 0;
		};
/* End PBXSourcesBuildPhase section */

/* Begin PBXTargetDependency section */
		B8BF225D22E7EF150078F34D /* PBXTargetDependency */ = {
			isa = PBXTargetDependency;
			target = B8BF224322E7EF130078F34D /* AllSubviews */;
			targetProxy = B8BF225C22E7EF150078F34D /* PBXContainerItemProxy */;
		};
		B8BF226822E7EF160078F34D /* PBXTargetDependency */ = {
			isa = PBXTargetDependency;
			target = B8BF224322E7EF130078F34D /* AllSubviews */;
			targetProxy = B8BF226722E7EF160078F34D /* PBXContainerItemProxy */;
		};
/* End PBXTargetDependency section */

/* Begin PBXVariantGroup section */
		B8BF224C22E7EF130078F34D /* Main.storyboard */ = {
			isa = PBXVariantGroup;
			children = (
				B8BF224D22E7EF130078F34D /* Base */,
			);
			name = Main.storyboard;
			sourceTree = "<group>";
		};
		B8BF225122E7EF150078F34D /* LaunchScreen.storyboard */ = {
			isa = PBXVariantGroup;
			children = (
				B8BF225222E7EF150078F34D /* Base */,
			);
			name = LaunchScreen.storyboard;
			sourceTree = "<group>";
		};
/* End PBXVariantGroup section */

/* Begin XCBuildConfiguration section */
		B84A7DD222C91B1F00C607B3 /* Debug */ = {
			isa = XCBuildConfiguration;
			buildSettings = {
				CODE_SIGN_STYLE = Automatic;
				PRODUCT_NAME = "$(TARGET_NAME)";
			};
			name = Debug;
		};
		B84A7DD322C91B1F00C607B3 /* Release */ = {
			isa = XCBuildConfiguration;
			buildSettings = {
				CODE_SIGN_STYLE = Automatic;
				PRODUCT_NAME = "$(TARGET_NAME)";
			};
			name = Release;
		};
		B84A7DE922CA27A100C607B3 /* Debug */ = {
			isa = XCBuildConfiguration;
			buildSettings = {
				CODE_SIGN_STYLE = Automatic;
				PRODUCT_NAME = "$(TARGET_NAME)";
			};
			name = Debug;
		};
		B84A7DEA22CA27A100C607B3 /* Release */ = {
			isa = XCBuildConfiguration;
			buildSettings = {
				CODE_SIGN_STYLE = Automatic;
				PRODUCT_NAME = "$(TARGET_NAME)";
			};
			name = Release;
		};
		B87C7D7D22C5FF58000CC333 /* Debug */ = {
			isa = XCBuildConfiguration;
			buildSettings = {
				CODE_SIGN_STYLE = Automatic;
				PRODUCT_NAME = "$(TARGET_NAME)";
			};
			name = Debug;
		};
		B87C7D7E22C5FF58000CC333 /* Release */ = {
			isa = XCBuildConfiguration;
			buildSettings = {
				CODE_SIGN_STYLE = Automatic;
				PRODUCT_NAME = "$(TARGET_NAME)";
			};
			name = Release;
		};
		B892632922C462CA0044DD6A /* Debug */ = {
			isa = XCBuildConfiguration;
			buildSettings = {
				ALWAYS_SEARCH_USER_PATHS = NO;
				CLANG_ANALYZER_NONNULL = YES;
				CLANG_ANALYZER_NUMBER_OBJECT_CONVERSION = YES_AGGRESSIVE;
				CLANG_CXX_LANGUAGE_STANDARD = "gnu++14";
				CLANG_CXX_LIBRARY = "libc++";
				CLANG_ENABLE_MODULES = YES;
				CLANG_ENABLE_OBJC_ARC = YES;
				CLANG_ENABLE_OBJC_WEAK = YES;
				CLANG_WARN_BLOCK_CAPTURE_AUTORELEASING = YES;
				CLANG_WARN_BOOL_CONVERSION = YES;
				CLANG_WARN_COMMA = YES;
				CLANG_WARN_CONSTANT_CONVERSION = YES;
				CLANG_WARN_DEPRECATED_OBJC_IMPLEMENTATIONS = YES;
				CLANG_WARN_DIRECT_OBJC_ISA_USAGE = YES_ERROR;
				CLANG_WARN_DOCUMENTATION_COMMENTS = YES;
				CLANG_WARN_EMPTY_BODY = YES;
				CLANG_WARN_ENUM_CONVERSION = YES;
				CLANG_WARN_INFINITE_RECURSION = YES;
				CLANG_WARN_INT_CONVERSION = YES;
				CLANG_WARN_NON_LITERAL_NULL_CONVERSION = YES;
				CLANG_WARN_OBJC_IMPLICIT_RETAIN_SELF = YES;
				CLANG_WARN_OBJC_LITERAL_CONVERSION = YES;
				CLANG_WARN_OBJC_ROOT_CLASS = YES_ERROR;
				CLANG_WARN_RANGE_LOOP_ANALYSIS = YES;
				CLANG_WARN_STRICT_PROTOTYPES = YES;
				CLANG_WARN_SUSPICIOUS_MOVE = YES;
				CLANG_WARN_UNGUARDED_AVAILABILITY = YES_AGGRESSIVE;
				CLANG_WARN_UNREACHABLE_CODE = YES;
				CLANG_WARN__DUPLICATE_METHOD_MATCH = YES;
				CODE_SIGN_IDENTITY = "-";
				COPY_PHASE_STRIP = NO;
				DEBUG_INFORMATION_FORMAT = dwarf;
				ENABLE_STRICT_OBJC_MSGSEND = YES;
				ENABLE_TESTABILITY = YES;
				GCC_C_LANGUAGE_STANDARD = gnu11;
				GCC_DYNAMIC_NO_PIC = NO;
				GCC_NO_COMMON_BLOCKS = YES;
				GCC_OPTIMIZATION_LEVEL = 0;
				GCC_PREPROCESSOR_DEFINITIONS = (
					"DEBUG=1",
					"$(inherited)",
				);
				GCC_WARN_64_TO_32_BIT_CONVERSION = YES;
				GCC_WARN_ABOUT_RETURN_TYPE = YES_ERROR;
				GCC_WARN_UNDECLARED_SELECTOR = YES;
				GCC_WARN_UNINITIALIZED_AUTOS = YES_AGGRESSIVE;
				GCC_WARN_UNUSED_FUNCTION = YES;
				GCC_WARN_UNUSED_VARIABLE = YES;
				MACOSX_DEPLOYMENT_TARGET = 10.13;
				MTL_ENABLE_DEBUG_INFO = INCLUDE_SOURCE;
				MTL_FAST_MATH = YES;
				ONLY_ACTIVE_ARCH = YES;
				SDKROOT = macosx;
			};
			name = Debug;
		};
		B892632A22C462CA0044DD6A /* Release */ = {
			isa = XCBuildConfiguration;
			buildSettings = {
				ALWAYS_SEARCH_USER_PATHS = NO;
				CLANG_ANALYZER_NONNULL = YES;
				CLANG_ANALYZER_NUMBER_OBJECT_CONVERSION = YES_AGGRESSIVE;
				CLANG_CXX_LANGUAGE_STANDARD = "gnu++14";
				CLANG_CXX_LIBRARY = "libc++";
				CLANG_ENABLE_MODULES = YES;
				CLANG_ENABLE_OBJC_ARC = YES;
				CLANG_ENABLE_OBJC_WEAK = YES;
				CLANG_WARN_BLOCK_CAPTURE_AUTORELEASING = YES;
				CLANG_WARN_BOOL_CONVERSION = YES;
				CLANG_WARN_COMMA = YES;
				CLANG_WARN_CONSTANT_CONVERSION = YES;
				CLANG_WARN_DEPRECATED_OBJC_IMPLEMENTATIONS = YES;
				CLANG_WARN_DIRECT_OBJC_ISA_USAGE = YES_ERROR;
				CLANG_WARN_DOCUMENTATION_COMMENTS = YES;
				CLANG_WARN_EMPTY_BODY = YES;
				CLANG_WARN_ENUM_CONVERSION = YES;
				CLANG_WARN_INFINITE_RECURSION = YES;
				CLANG_WARN_INT_CONVERSION = YES;
				CLANG_WARN_NON_LITERAL_NULL_CONVERSION = YES;
				CLANG_WARN_OBJC_IMPLICIT_RETAIN_SELF = YES;
				CLANG_WARN_OBJC_LITERAL_CONVERSION = YES;
				CLANG_WARN_OBJC_ROOT_CLASS = YES_ERROR;
				CLANG_WARN_RANGE_LOOP_ANALYSIS = YES;
				CLANG_WARN_STRICT_PROTOTYPES = YES;
				CLANG_WARN_SUSPICIOUS_MOVE = YES;
				CLANG_WARN_UNGUARDED_AVAILABILITY = YES_AGGRESSIVE;
				CLANG_WARN_UNREACHABLE_CODE = YES;
				CLANG_WARN__DUPLICATE_METHOD_MATCH = YES;
				CODE_SIGN_IDENTITY = "-";
				COPY_PHASE_STRIP = NO;
				DEBUG_INFORMATION_FORMAT = "dwarf-with-dsym";
				ENABLE_NS_ASSERTIONS = NO;
				ENABLE_STRICT_OBJC_MSGSEND = YES;
				GCC_C_LANGUAGE_STANDARD = gnu11;
				GCC_NO_COMMON_BLOCKS = YES;
				GCC_WARN_64_TO_32_BIT_CONVERSION = YES;
				GCC_WARN_ABOUT_RETURN_TYPE = YES_ERROR;
				GCC_WARN_UNDECLARED_SELECTOR = YES;
				GCC_WARN_UNINITIALIZED_AUTOS = YES_AGGRESSIVE;
				GCC_WARN_UNUSED_FUNCTION = YES;
				GCC_WARN_UNUSED_VARIABLE = YES;
				MACOSX_DEPLOYMENT_TARGET = 10.13;
				MTL_ENABLE_DEBUG_INFO = NO;
				MTL_FAST_MATH = YES;
				SDKROOT = macosx;
			};
			name = Release;
		};
		B892632C22C462CA0044DD6A /* Debug */ = {
			isa = XCBuildConfiguration;
			buildSettings = {
				CODE_SIGN_STYLE = Automatic;
				PRODUCT_NAME = "$(TARGET_NAME)";
			};
			name = Debug;
		};
		B892632D22C462CA0044DD6A /* Release */ = {
			isa = XCBuildConfiguration;
			buildSettings = {
				CODE_SIGN_STYLE = Automatic;
				PRODUCT_NAME = "$(TARGET_NAME)";
			};
			name = Release;
		};
		B89AD29222DD649500A5885E /* Debug */ = {
			isa = XCBuildConfiguration;
			buildSettings = {
				CODE_SIGN_STYLE = Automatic;
				PRODUCT_NAME = "$(TARGET_NAME)";
			};
			name = Debug;
		};
		B89AD29322DD649500A5885E /* Release */ = {
			isa = XCBuildConfiguration;
			buildSettings = {
				CODE_SIGN_STYLE = Automatic;
				PRODUCT_NAME = "$(TARGET_NAME)";
			};
			name = Release;
		};
		B8A1FBC522D5C6BC008849F4 /* Debug */ = {
			isa = XCBuildConfiguration;
			buildSettings = {
				CODE_SIGN_STYLE = Automatic;
				PRODUCT_NAME = "$(TARGET_NAME)";
			};
			name = Debug;
		};
		B8A1FBC622D5C6BC008849F4 /* Release */ = {
			isa = XCBuildConfiguration;
			buildSettings = {
				CODE_SIGN_STYLE = Automatic;
				PRODUCT_NAME = "$(TARGET_NAME)";
			};
			name = Release;
		};
		B8B50BD822E5D9290051C224 /* Debug */ = {
			isa = XCBuildConfiguration;
			buildSettings = {
				CODE_SIGN_STYLE = Automatic;
				PRODUCT_NAME = "$(TARGET_NAME)";
			};
			name = Debug;
		};
		B8B50BD922E5D9290051C224 /* Release */ = {
			isa = XCBuildConfiguration;
			buildSettings = {
				CODE_SIGN_STYLE = Automatic;
				PRODUCT_NAME = "$(TARGET_NAME)";
			};
			name = Release;
		};
		B8BF226D22E7EF160078F34D /* Debug */ = {
			isa = XCBuildConfiguration;
			buildSettings = {
				ASSETCATALOG_COMPILER_APPICON_NAME = AppIcon;
				CODE_SIGN_IDENTITY = "iPhone Developer";
				CODE_SIGN_STYLE = Automatic;
				INFOPLIST_FILE = AllSubviews/Info.plist;
				IPHONEOS_DEPLOYMENT_TARGET = 12.0;
				LD_RUNPATH_SEARCH_PATHS = (
					"$(inherited)",
					"@executable_path/Frameworks",
				);
				PRODUCT_BUNDLE_IDENTIFIER = com.xiaozhuphj.www.AllSubviews;
				PRODUCT_NAME = "$(TARGET_NAME)";
				SDKROOT = iphoneos;
				TARGETED_DEVICE_FAMILY = "1,2";
			};
			name = Debug;
		};
		B8BF226E22E7EF160078F34D /* Release */ = {
			isa = XCBuildConfiguration;
			buildSettings = {
				ASSETCATALOG_COMPILER_APPICON_NAME = AppIcon;
				CODE_SIGN_IDENTITY = "iPhone Developer";
				CODE_SIGN_STYLE = Automatic;
				INFOPLIST_FILE = AllSubviews/Info.plist;
				IPHONEOS_DEPLOYMENT_TARGET = 12.0;
				LD_RUNPATH_SEARCH_PATHS = (
					"$(inherited)",
					"@executable_path/Frameworks",
				);
				PRODUCT_BUNDLE_IDENTIFIER = com.xiaozhuphj.www.AllSubviews;
				PRODUCT_NAME = "$(TARGET_NAME)";
				SDKROOT = iphoneos;
				TARGETED_DEVICE_FAMILY = "1,2";
				VALIDATE_PRODUCT = YES;
			};
			name = Release;
		};
		B8BF226F22E7EF160078F34D /* Debug */ = {
			isa = XCBuildConfiguration;
			buildSettings = {
				BUNDLE_LOADER = "$(TEST_HOST)";
				CODE_SIGN_IDENTITY = "iPhone Developer";
				CODE_SIGN_STYLE = Automatic;
				INFOPLIST_FILE = AllSubviewsTests/Info.plist;
				IPHONEOS_DEPLOYMENT_TARGET = 12.0;
				LD_RUNPATH_SEARCH_PATHS = (
					"$(inherited)",
					"@executable_path/Frameworks",
					"@loader_path/Frameworks",
				);
				PRODUCT_BUNDLE_IDENTIFIER = com.xiaozhuphj.www.AllSubviewsTests;
				PRODUCT_NAME = "$(TARGET_NAME)";
				SDKROOT = iphoneos;
				TARGETED_DEVICE_FAMILY = "1,2";
				TEST_HOST = "$(BUILT_PRODUCTS_DIR)/AllSubviews.app/AllSubviews";
			};
			name = Debug;
		};
		B8BF227022E7EF160078F34D /* Release */ = {
			isa = XCBuildConfiguration;
			buildSettings = {
				BUNDLE_LOADER = "$(TEST_HOST)";
				CODE_SIGN_IDENTITY = "iPhone Developer";
				CODE_SIGN_STYLE = Automatic;
				INFOPLIST_FILE = AllSubviewsTests/Info.plist;
				IPHONEOS_DEPLOYMENT_TARGET = 12.0;
				LD_RUNPATH_SEARCH_PATHS = (
					"$(inherited)",
					"@executable_path/Frameworks",
					"@loader_path/Frameworks",
				);
				PRODUCT_BUNDLE_IDENTIFIER = com.xiaozhuphj.www.AllSubviewsTests;
				PRODUCT_NAME = "$(TARGET_NAME)";
				SDKROOT = iphoneos;
				TARGETED_DEVICE_FAMILY = "1,2";
				TEST_HOST = "$(BUILT_PRODUCTS_DIR)/AllSubviews.app/AllSubviews";
				VALIDATE_PRODUCT = YES;
			};
			name = Release;
		};
		B8BF227122E7EF160078F34D /* Debug */ = {
			isa = XCBuildConfiguration;
			buildSettings = {
				CODE_SIGN_IDENTITY = "iPhone Developer";
				CODE_SIGN_STYLE = Automatic;
				INFOPLIST_FILE = AllSubviewsUITests/Info.plist;
				IPHONEOS_DEPLOYMENT_TARGET = 12.0;
				LD_RUNPATH_SEARCH_PATHS = (
					"$(inherited)",
					"@executable_path/Frameworks",
					"@loader_path/Frameworks",
				);
				PRODUCT_BUNDLE_IDENTIFIER = com.xiaozhuphj.www.AllSubviewsUITests;
				PRODUCT_NAME = "$(TARGET_NAME)";
				SDKROOT = iphoneos;
				TARGETED_DEVICE_FAMILY = "1,2";
				TEST_TARGET_NAME = AllSubviews;
			};
			name = Debug;
		};
		B8BF227222E7EF160078F34D /* Release */ = {
			isa = XCBuildConfiguration;
			buildSettings = {
				CODE_SIGN_IDENTITY = "iPhone Developer";
				CODE_SIGN_STYLE = Automatic;
				INFOPLIST_FILE = AllSubviewsUITests/Info.plist;
				IPHONEOS_DEPLOYMENT_TARGET = 12.0;
				LD_RUNPATH_SEARCH_PATHS = (
					"$(inherited)",
					"@executable_path/Frameworks",
					"@loader_path/Frameworks",
				);
				PRODUCT_BUNDLE_IDENTIFIER = com.xiaozhuphj.www.AllSubviewsUITests;
				PRODUCT_NAME = "$(TARGET_NAME)";
				SDKROOT = iphoneos;
				TARGETED_DEVICE_FAMILY = "1,2";
				TEST_TARGET_NAME = AllSubviews;
				VALIDATE_PRODUCT = YES;
			};
			name = Release;
		};
/* End XCBuildConfiguration section */

/* Begin XCConfigurationList section */
		B84A7DD422C91B1F00C607B3 /* Build configuration list for PBXNativeTarget "HeapSort" */ = {
			isa = XCConfigurationList;
			buildConfigurations = (
				B84A7DD222C91B1F00C607B3 /* Debug */,
				B84A7DD322C91B1F00C607B3 /* Release */,
			);
			defaultConfigurationIsVisible = 0;
			defaultConfigurationName = Release;
		};
		B84A7DE822CA27A100C607B3 /* Build configuration list for PBXNativeTarget "BST" */ = {
			isa = XCConfigurationList;
			buildConfigurations = (
				B84A7DE922CA27A100C607B3 /* Debug */,
				B84A7DEA22CA27A100C607B3 /* Release */,
			);
			defaultConfigurationIsVisible = 0;
			defaultConfigurationName = Release;
		};
		B87C7D7F22C5FF58000CC333 /* Build configuration list for PBXNativeTarget "Recursion" */ = {
			isa = XCConfigurationList;
			buildConfigurations = (
				B87C7D7D22C5FF58000CC333 /* Debug */,
				B87C7D7E22C5FF58000CC333 /* Release */,
			);
			defaultConfigurationIsVisible = 0;
			defaultConfigurationName = Release;
		};
		B892631F22C462CA0044DD6A /* Build configuration list for PBXProject "Tree" */ = {
			isa = XCConfigurationList;
			buildConfigurations = (
				B892632922C462CA0044DD6A /* Debug */,
				B892632A22C462CA0044DD6A /* Release */,
			);
			defaultConfigurationIsVisible = 0;
			defaultConfigurationName = Release;
		};
		B892632B22C462CA0044DD6A /* Build configuration list for PBXNativeTarget "Tree" */ = {
			isa = XCConfigurationList;
			buildConfigurations = (
				B892632C22C462CA0044DD6A /* Debug */,
				B892632D22C462CA0044DD6A /* Release */,
			);
			defaultConfigurationIsVisible = 0;
			defaultConfigurationName = Release;
		};
		B89AD29422DD649500A5885E /* Build configuration list for PBXNativeTarget "HashList" */ = {
			isa = XCConfigurationList;
			buildConfigurations = (
				B89AD29222DD649500A5885E /* Debug */,
				B89AD29322DD649500A5885E /* Release */,
			);
			defaultConfigurationIsVisible = 0;
			defaultConfigurationName = Release;
		};
		B8A1FBC722D5C6BC008849F4 /* Build configuration list for PBXNativeTarget "Dynamic" */ = {
			isa = XCConfigurationList;
			buildConfigurations = (
				B8A1FBC522D5C6BC008849F4 /* Debug */,
				B8A1FBC622D5C6BC008849F4 /* Release */,
			);
			defaultConfigurationIsVisible = 0;
			defaultConfigurationName = Release;
		};
		B8B50BDA22E5D9290051C224 /* Build configuration list for PBXNativeTarget "HashChars" */ = {
			isa = XCConfigurationList;
			buildConfigurations = (
				B8B50BD822E5D9290051C224 /* Debug */,
				B8B50BD922E5D9290051C224 /* Release */,
			);
			defaultConfigurationIsVisible = 0;
			defaultConfigurationName = Release;
		};
		B8BF227322E7EF160078F34D /* Build configuration list for PBXNativeTarget "AllSubviews" */ = {
			isa = XCConfigurationList;
			buildConfigurations = (
				B8BF226D22E7EF160078F34D /* Debug */,
				B8BF226E22E7EF160078F34D /* Release */,
			);
			defaultConfigurationIsVisible = 0;
			defaultConfigurationName = Release;
		};
		B8BF227422E7EF160078F34D /* Build configuration list for PBXNativeTarget "AllSubviewsTests" */ = {
			isa = XCConfigurationList;
			buildConfigurations = (
				B8BF226F22E7EF160078F34D /* Debug */,
				B8BF227022E7EF160078F34D /* Release */,
			);
			defaultConfigurationIsVisible = 0;
			defaultConfigurationName = Release;
		};
		B8BF227522E7EF160078F34D /* Build configuration list for PBXNativeTarget "AllSubviewsUITests" */ = {
			isa = XCConfigurationList;
			buildConfigurations = (
				B8BF227122E7EF160078F34D /* Debug */,
				B8BF227222E7EF160078F34D /* Release */,
			);
			defaultConfigurationIsVisible = 0;
			defaultConfigurationName = Release;
		};
/* End XCConfigurationList section */
	};
	rootObject = B892631C22C462CA0044DD6A /* Project object */;
}
